// !$*UTF8*$!
{
	archiveVersion = 1;
	classes = {
	};
	objectVersion = 50;
	objects = {

/* Begin PBXBuildFile section */
		5F9E5D76236BDFEA00C56846 /* AppDelegate.swift in Sources */ = {isa = PBXBuildFile; fileRef = 5F9E5D75236BDFEA00C56846 /* AppDelegate.swift */; };
		5F9E5D78236BDFEA00C56846 /* SceneDelegate.swift in Sources */ = {isa = PBXBuildFile; fileRef = 5F9E5D77236BDFEA00C56846 /* SceneDelegate.swift */; };
		5F9E5D7A236BDFEA00C56846 /* ViewController.swift in Sources */ = {isa = PBXBuildFile; fileRef = 5F9E5D79236BDFEA00C56846 /* ViewController.swift */; };
		5F9E5D7D236BDFEA00C56846 /* Main.storyboard in Resources */ = {isa = PBXBuildFile; fileRef = 5F9E5D7B236BDFEA00C56846 /* Main.storyboard */; };
		5F9E5D7F236BDFED00C56846 /* Assets.xcassets in Resources */ = {isa = PBXBuildFile; fileRef = 5F9E5D7E236BDFED00C56846 /* Assets.xcassets */; };
		5F9E5D82236BDFED00C56846 /* LaunchScreen.storyboard in Resources */ = {isa = PBXBuildFile; fileRef = 5F9E5D80236BDFED00C56846 /* LaunchScreen.storyboard */; };
		5F9E5D8D236BDFED00C56846 /* folder_structure_sampleTests.swift in Sources */ = {isa = PBXBuildFile; fileRef = 5F9E5D8C236BDFED00C56846 /* folder_structure_sampleTests.swift */; };
		5F9E5D98236BDFED00C56846 /* folder_structure_sampleUITests.swift in Sources */ = {isa = PBXBuildFile; fileRef = 5F9E5D97236BDFED00C56846 /* folder_structure_sampleUITests.swift */; };
/* End PBXBuildFile section */

/* Begin PBXContainerItemProxy section */
		5F9E5D89236BDFED00C56846 /* PBXContainerItemProxy */ = {
			isa = PBXContainerItemProxy;
			containerPortal = 5F9E5D6A236BDFEA00C56846 /* Project object */;
			proxyType = 1;
			remoteGlobalIDString = 5F9E5D71236BDFEA00C56846;
			remoteInfo = "folder-structure-sample";
		};
		5F9E5D94236BDFED00C56846 /* PBXContainerItemProxy */ = {
			isa = PBXContainerItemProxy;
			containerPortal = 5F9E5D6A236BDFEA00C56846 /* Project object */;
			proxyType = 1;
			remoteGlobalIDString = 5F9E5D71236BDFEA00C56846;
			remoteInfo = "folder-structure-sample";
		};
/* End PBXContainerItemProxy section */

/* Begin PBXFileReference section */
		5F9E5D72236BDFEA00C56846 /* folder-structure-sample.app */ = {isa = PBXFileReference; explicitFileType = wrapper.application; includeInIndex = 0; path = "folder-structure-sample.app"; sourceTree = BUILT_PRODUCTS_DIR; };
		5F9E5D75236BDFEA00C56846 /* AppDelegate.swift */ = {isa = PBXFileReference; lastKnownFileType = sourcecode.swift; path = AppDelegate.swift; sourceTree = "<group>"; };
		5F9E5D77236BDFEA00C56846 /* SceneDelegate.swift */ = {isa = PBXFileReference; lastKnownFileType = sourcecode.swift; path = SceneDelegate.swift; sourceTree = "<group>"; };
		5F9E5D79236BDFEA00C56846 /* ViewController.swift */ = {isa = PBXFileReference; lastKnownFileType = sourcecode.swift; path = ViewController.swift; sourceTree = "<group>"; };
		5F9E5D7C236BDFEA00C56846 /* Base */ = {isa = PBXFileReference; lastKnownFileType = file.storyboard; name = Base; path = Base.lproj/Main.storyboard; sourceTree = "<group>"; };
		5F9E5D7E236BDFED00C56846 /* Assets.xcassets */ = {isa = PBXFileReference; lastKnownFileType = folder.assetcatalog; path = Assets.xcassets; sourceTree = "<group>"; };
		5F9E5D81236BDFED00C56846 /* Base */ = {isa = PBXFileReference; lastKnownFileType = file.storyboard; name = Base; path = Base.lproj/LaunchScreen.storyboard; sourceTree = "<group>"; };
		5F9E5D83236BDFED00C56846 /* Info.plist */ = {isa = PBXFileReference; lastKnownFileType = text.plist.xml; path = Info.plist; sourceTree = "<group>"; };
		5F9E5D88236BDFED00C56846 /* folder-structure-sampleTests.xctest */ = {isa = PBXFileReference; explicitFileType = wrapper.cfbundle; includeInIndex = 0; path = "folder-structure-sampleTests.xctest"; sourceTree = BUILT_PRODUCTS_DIR; };
		5F9E5D8C236BDFED00C56846 /* folder_structure_sampleTests.swift */ = {isa = PBXFileReference; lastKnownFileType = sourcecode.swift; path = folder_structure_sampleTests.swift; sourceTree = "<group>"; };
		5F9E5D8E236BDFED00C56846 /* Info.plist */ = {isa = PBXFileReference; lastKnownFileType = text.plist.xml; path = Info.plist; sourceTree = "<group>"; };
		5F9E5D93236BDFED00C56846 /* folder-structure-sampleUITests.xctest */ = {isa = PBXFileReference; explicitFileType = wrapper.cfbundle; includeInIndex = 0; path = "folder-structure-sampleUITests.xctest"; sourceTree = BUILT_PRODUCTS_DIR; };
		5F9E5D97236BDFED00C56846 /* folder_structure_sampleUITests.swift */ = {isa = PBXFileReference; lastKnownFileType = sourcecode.swift; path = folder_structure_sampleUITests.swift; sourceTree = "<group>"; };
		5F9E5D99236BDFED00C56846 /* Info.plist */ = {isa = PBXFileReference; lastKnownFileType = text.plist.xml; path = Info.plist; sourceTree = "<group>"; };
/* End PBXFileReference section */

/* Begin PBXFrameworksBuildPhase section */
		5F9E5D6F236BDFEA00C56846 /* Frameworks */ = {
			isa = PBXFrameworksBuildPhase;
			buildActionMask = 2147483647;
			files = (
			);
			runOnlyForDeploymentPostprocessing = 0;
		};
		5F9E5D85236BDFED00C56846 /* Frameworks */ = {
			isa = PBXFrameworksBuildPhase;
			buildActionMask = 2147483647;
			files = (
			);
			runOnlyForDeploymentPostprocessing = 0;
		};
		5F9E5D90236BDFED00C56846 /* Frameworks */ = {
			isa = PBXFrameworksBuildPhase;
			buildActionMask = 2147483647;
			files = (
			);
			runOnlyForDeploymentPostprocessing = 0;
		};
/* End PBXFrameworksBuildPhase section */

/* Begin PBXGroup section */
		5F9E5D69236BDFEA00C56846 = {
			isa = PBXGroup;
			children = (
				5F9E5D74236BDFEA00C56846 /* folder-structure-sample */,
				5F9E5D8B236BDFED00C56846 /* folder-structure-sampleTests */,
				5F9E5D96236BDFED00C56846 /* folder-structure-sampleUITests */,
				5F9E5D73236BDFEA00C56846 /* Products */,
			);
			sourceTree = "<group>";
		};
		5F9E5D73236BDFEA00C56846 /* Products */ = {
			isa = PBXGroup;
			children = (
				5F9E5D72236BDFEA00C56846 /* folder-structure-sample.app */,
				5F9E5D88236BDFED00C56846 /* folder-structure-sampleTests.xctest */,
				5F9E5D93236BDFED00C56846 /* folder-structure-sampleUITests.xctest */,
			);
			name = Products;
			sourceTree = "<group>";
		};
		5F9E5D74236BDFEA00C56846 /* folder-structure-sample */ = {
			isa = PBXGroup;
			children = (
				5F9E5D75236BDFEA00C56846 /* AppDelegate.swift */,
				5F9E5D77236BDFEA00C56846 /* SceneDelegate.swift */,
				5F9E5D79236BDFEA00C56846 /* ViewController.swift */,
				5F9E5D7B236BDFEA00C56846 /* Main.storyboard */,
				5F9E5D7E236BDFED00C56846 /* Assets.xcassets */,
				5F9E5D80236BDFED00C56846 /* LaunchScreen.storyboard */,
				5F9E5D83236BDFED00C56846 /* Info.plist */,
			);
			path = "folder-structure-sample";
			sourceTree = "<group>";
		};
		5F9E5D8B236BDFED00C56846 /* folder-structure-sampleTests */ = {
			isa = PBXGroup;
			children = (
				5F9E5D8C236BDFED00C56846 /* folder_structure_sampleTests.swift */,
				5F9E5D8E236BDFED00C56846 /* Info.plist */,
			);
			path = "folder-structure-sampleTests";
			sourceTree = "<group>";
		};
		5F9E5D96236BDFED00C56846 /* folder-structure-sampleUITests */ = {
			isa = PBXGroup;
			children = (
				5F9E5D97236BDFED00C56846 /* folder_structure_sampleUITests.swift */,
				5F9E5D99236BDFED00C56846 /* Info.plist */,
			);
			path = "folder-structure-sampleUITests";
			sourceTree = "<group>";
		};
/* End PBXGroup section */

/* Begin PBXNativeTarget section */
		5F9E5D71236BDFEA00C56846 /* folder-structure-sample */ = {
			isa = PBXNativeTarget;
			buildConfigurationList = 5F9E5D9C236BDFED00C56846 /* Build configuration list for PBXNativeTarget "folder-structure-sample" */;
			buildPhases = (
				5F9E5D6E236BDFEA00C56846 /* Sources */,
				5F9E5D6F236BDFEA00C56846 /* Frameworks */,
				5F9E5D70236BDFEA00C56846 /* Resources */,
			);
			buildRules = (
			);
			dependencies = (
			);
			name = "folder-structure-sample";
			productName = "folder-structure-sample";
			productReference = 5F9E5D72236BDFEA00C56846 /* folder-structure-sample.app */;
			productType = "com.apple.product-type.application";
		};
		5F9E5D87236BDFED00C56846 /* folder-structure-sampleTests */ = {
			isa = PBXNativeTarget;
			buildConfigurationList = 5F9E5D9F236BDFED00C56846 /* Build configuration list for PBXNativeTarget "folder-structure-sampleTests" */;
			buildPhases = (
				5F9E5D84236BDFED00C56846 /* Sources */,
				5F9E5D85236BDFED00C56846 /* Frameworks */,
				5F9E5D86236BDFED00C56846 /* Resources */,
			);
			buildRules = (
			);
			dependencies = (
				5F9E5D8A236BDFED00C56846 /* PBXTargetDependency */,
			);
			name = "folder-structure-sampleTests";
			productName = "folder-structure-sampleTests";
			productReference = 5F9E5D88236BDFED00C56846 /* folder-structure-sampleTests.xctest */;
			productType = "com.apple.product-type.bundle.unit-test";
		};
		5F9E5D92236BDFED00C56846 /* folder-structure-sampleUITests */ = {
			isa = PBXNativeTarget;
			buildConfigurationList = 5F9E5DA2236BDFED00C56846 /* Build configuration list for PBXNativeTarget "folder-structure-sampleUITests" */;
			buildPhases = (
				5F9E5D8F236BDFED00C56846 /* Sources */,
				5F9E5D90236BDFED00C56846 /* Frameworks */,
				5F9E5D91236BDFED00C56846 /* Resources */,
			);
			buildRules = (
			);
			dependencies = (
				5F9E5D95236BDFED00C56846 /* PBXTargetDependency */,
			);
			name = "folder-structure-sampleUITests";
			productName = "folder-structure-sampleUITests";
			productReference = 5F9E5D93236BDFED00C56846 /* folder-structure-sampleUITests.xctest */;
			productType = "com.apple.product-type.bundle.ui-testing";
		};
/* End PBXNativeTarget section */

/* Begin PBXProject section */
		5F9E5D6A236BDFEA00C56846 /* Project object */ = {
			isa = PBXProject;
			attributes = {
				LastSwiftUpdateCheck = 1110;
				LastUpgradeCheck = 1110;
				ORGANIZATIONNAME = yhonda;
				TargetAttributes = {
					5F9E5D71236BDFEA00C56846 = {
						CreatedOnToolsVersion = 11.1;
					};
					5F9E5D87236BDFED00C56846 = {
						CreatedOnToolsVersion = 11.1;
						TestTargetID = 5F9E5D71236BDFEA00C56846;
					};
					5F9E5D92236BDFED00C56846 = {
						CreatedOnToolsVersion = 11.1;
						TestTargetID = 5F9E5D71236BDFEA00C56846;
					};
				};
			};
			buildConfigurationList = 5F9E5D6D236BDFEA00C56846 /* Build configuration list for PBXProject "folder-structure-sample" */;
			compatibilityVersion = "Xcode 9.3";
			developmentRegion = en;
			hasScannedForEncodings = 0;
			knownRegions = (
				en,
				Base,
			);
			mainGroup = 5F9E5D69236BDFEA00C56846;
			productRefGroup = 5F9E5D73236BDFEA00C56846 /* Products */;
			projectDirPath = "";
			projectRoot = "";
			targets = (
				5F9E5D71236BDFEA00C56846 /* folder-structure-sample */,
				5F9E5D87236BDFED00C56846 /* folder-structure-sampleTests */,
				5F9E5D92236BDFED00C56846 /* folder-structure-sampleUITests */,
			);
		};
/* End PBXProject section */

/* Begin PBXResourcesBuildPhase section */
		5F9E5D70236BDFEA00C56846 /* Resources */ = {
			isa = PBXResourcesBuildPhase;
			buildActionMask = 2147483647;
			files = (
				5F9E5D82236BDFED00C56846 /* LaunchScreen.storyboard in Resources */,
				5F9E5D7F236BDFED00C56846 /* Assets.xcassets in Resources */,
				5F9E5D7D236BDFEA00C56846 /* Main.storyboard in Resources */,
			);
			runOnlyForDeploymentPostprocessing = 0;
		};
		5F9E5D86236BDFED00C56846 /* Resources */ = {
			isa = PBXResourcesBuildPhase;
			buildActionMask = 2147483647;
			files = (
			);
			runOnlyForDeploymentPostprocessing = 0;
		};
		5F9E5D91236BDFED00C56846 /* Resources */ = {
			isa = PBXResourcesBuildPhase;
			buildActionMask = 2147483647;
			files = (
			);
			runOnlyForDeploymentPostprocessing = 0;
		};
/* End PBXResourcesBuildPhase section */

/* Begin PBXSourcesBuildPhase section */
		5F9E5D6E236BDFEA00C56846 /* Sources */ = {
			isa = PBXSourcesBuildPhase;
			buildActionMask = 2147483647;
			files = (
				5F9E5D7A236BDFEA00C56846 /* ViewController.swift in Sources */,
				5F9E5D76236BDFEA00C56846 /* AppDelegate.swift in Sources */,
				5F9E5D78236BDFEA00C56846 /* SceneDelegate.swift in Sources */,
			);
			runOnlyForDeploymentPostprocessing = 0;
		};
		5F9E5D84236BDFED00C56846 /* Sources */ = {
			isa = PBXSourcesBuildPhase;
			buildActionMask = 2147483647;
			files = (
				5F9E5D8D236BDFED00C56846 /* folder_structure_sampleTests.swift in Sources */,
			);
			runOnlyForDeploymentPostprocessing = 0;
		};
		5F9E5D8F236BDFED00C56846 /* Sources */ = {
			isa = PBXSourcesBuildPhase;
			buildActionMask = 2147483647;
			files = (
				5F9E5D98236BDFED00C56846 /* folder_structure_sampleUITests.swift in Sources */,
			);
			runOnlyForDeploymentPostprocessing = 0;
		};
/* End PBXSourcesBuildPhase section */

/* Begin PBXTargetDependency section */
		5F9E5D8A236BDFED00C56846 /* PBXTargetDependency */ = {
			isa = PBXTargetDependency;
			target = 5F9E5D71236BDFEA00C56846 /* folder-structure-sample */;
			targetProxy = 5F9E5D89236BDFED00C56846 /* PBXContainerItemProxy */;
		};
		5F9E5D95236BDFED00C56846 /* PBXTargetDependency */ = {
			isa = PBXTargetDependency;
			target = 5F9E5D71236BDFEA00C56846 /* folder-structure-sample */;
			targetProxy = 5F9E5D94236BDFED00C56846 /* PBXContainerItemProxy */;
		};
/* End PBXTargetDependency section */

/* Begin PBXVariantGroup section */
		5F9E5D7B236BDFEA00C56846 /* Main.storyboard */ = {
			isa = PBXVariantGroup;
			children = (
				5F9E5D7C236BDFEA00C56846 /* Base */,
			);
			name = Main.storyboard;
			sourceTree = "<group>";
		};
		5F9E5D80236BDFED00C56846 /* LaunchScreen.storyboard */ = {
			isa = PBXVariantGroup;
			children = (
				5F9E5D81236BDFED00C56846 /* Base */,
			);
			name = LaunchScreen.storyboard;
			sourceTree = "<group>";
		};
/* End PBXVariantGroup section */

/* Begin XCBuildConfiguration section */
		5F9E5D9A236BDFED00C56846 /* Debug */ = {
			isa = XCBuildConfiguration;
			buildSettings = {
				ALWAYS_SEARCH_USER_PATHS = NO;
				CLANG_ANALYZER_NONNULL = YES;
				CLANG_ANALYZER_NUMBER_OBJECT_CONVERSION = YES_AGGRESSIVE;
				CLANG_CXX_LANGUAGE_STANDARD = "gnu++14";
				CLANG_CXX_LIBRARY = "libc++";
				CLANG_ENABLE_MODULES = YES;
				CLANG_ENABLE_OBJC_ARC = YES;
				CLANG_ENABLE_OBJC_WEAK = YES;
				CLANG_WARN_BLOCK_CAPTURE_AUTORELEASING = YES;
				CLANG_WARN_BOOL_CONVERSION = YES;
				CLANG_WARN_COMMA = YES;
				CLANG_WARN_CONSTANT_CONVERSION = YES;
				CLANG_WARN_DEPRECATED_OBJC_IMPLEMENTATIONS = YES;
				CLANG_WARN_DIRECT_OBJC_ISA_USAGE = YES_ERROR;
				CLANG_WARN_DOCUMENTATION_COMMENTS = YES;
				CLANG_WARN_EMPTY_BODY = YES;
				CLANG_WARN_ENUM_CONVERSION = YES;
				CLANG_WARN_INFINITE_RECURSION = YES;
				CLANG_WARN_INT_CONVERSION = YES;
				CLANG_WARN_NON_LITERAL_NULL_CONVERSION = YES;
				CLANG_WARN_OBJC_IMPLICIT_RETAIN_SELF = YES;
				CLANG_WARN_OBJC_LITERAL_CONVERSION = YES;
				CLANG_WARN_OBJC_ROOT_CLASS = YES_ERROR;
				CLANG_WARN_RANGE_LOOP_ANALYSIS = YES;
				CLANG_WARN_STRICT_PROTOTYPES = YES;
				CLANG_WARN_SUSPICIOUS_MOVE = YES;
				CLANG_WARN_UNGUARDED_AVAILABILITY = YES_AGGRESSIVE;
				CLANG_WARN_UNREACHABLE_CODE = YES;
				CLANG_WARN__DUPLICATE_METHOD_MATCH = YES;
				COPY_PHASE_STRIP = NO;
				DEBUG_INFORMATION_FORMAT = dwarf;
				ENABLE_STRICT_OBJC_MSGSEND = YES;
				ENABLE_TESTABILITY = YES;
				GCC_C_LANGUAGE_STANDARD = gnu11;
				GCC_DYNAMIC_NO_PIC = NO;
				GCC_NO_COMMON_BLOCKS = YES;
				GCC_OPTIMIZATION_LEVEL = 0;
				GCC_PREPROCESSOR_DEFINITIONS = (
					"DEBUG=1",
					"$(inherited)",
				);
				GCC_WARN_64_TO_32_BIT_CONVERSION = YES;
				GCC_WARN_ABOUT_RETURN_TYPE = YES_ERROR;
				GCC_WARN_UNDECLARED_SELECTOR = YES;
				GCC_WARN_UNINITIALIZED_AUTOS = YES_AGGRESSIVE;
				GCC_WARN_UNUSED_FUNCTION = YES;
				GCC_WARN_UNUSED_VARIABLE = YES;
				IPHONEOS_DEPLOYMENT_TARGET = 13.1;
				MTL_ENABLE_DEBUG_INFO = INCLUDE_SOURCE;
				MTL_FAST_MATH = YES;
				ONLY_ACTIVE_ARCH = YES;
				SDKROOT = iphoneos;
				SWIFT_ACTIVE_COMPILATION_CONDITIONS = DEBUG;
				SWIFT_OPTIMIZATION_LEVEL = "-Onone";
			};
			name = Debug;
		};
		5F9E5D9B236BDFED00C56846 /* Release */ = {
			isa = XCBuildConfiguration;
			buildSettings = {
				ALWAYS_SEARCH_USER_PATHS = NO;
				CLANG_ANALYZER_NONNULL = YES;
				CLANG_ANALYZER_NUMBER_OBJECT_CONVERSION = YES_AGGRESSIVE;
				CLANG_CXX_LANGUAGE_STANDARD = "gnu++14";
				CLANG_CXX_LIBRARY = "libc++";
				CLANG_ENABLE_MODULES = YES;
				CLANG_ENABLE_OBJC_ARC = YES;
				CLANG_ENABLE_OBJC_WEAK = YES;
				CLANG_WARN_BLOCK_CAPTURE_AUTORELEASING = YES;
				CLANG_WARN_BOOL_CONVERSION = YES;
				CLANG_WARN_COMMA = YES;
				CLANG_WARN_CONSTANT_CONVERSION = YES;
				CLANG_WARN_DEPRECATED_OBJC_IMPLEMENTATIONS = YES;
				CLANG_WARN_DIRECT_OBJC_ISA_USAGE = YES_ERROR;
				CLANG_WARN_DOCUMENTATION_COMMENTS = YES;
				CLANG_WARN_EMPTY_BODY = YES;
				CLANG_WARN_ENUM_CONVERSION = YES;
				CLANG_WARN_INFINITE_RECURSION = YES;
				CLANG_WARN_INT_CONVERSION = YES;
				CLANG_WARN_NON_LITERAL_NULL_CONVERSION = YES;
				CLANG_WARN_OBJC_IMPLICIT_RETAIN_SELF = YES;
				CLANG_WARN_OBJC_LITERAL_CONVERSION = YES;
				CLANG_WARN_OBJC_ROOT_CLASS = YES_ERROR;
				CLANG_WARN_RANGE_LOOP_ANALYSIS = YES;
				CLANG_WARN_STRICT_PROTOTYPES = YES;
				CLANG_WARN_SUSPICIOUS_MOVE = YES;
				CLANG_WARN_UNGUARDED_AVAILABILITY = YES_AGGRESSIVE;
				CLANG_WARN_UNREACHABLE_CODE = YES;
				CLANG_WARN__DUPLICATE_METHOD_MATCH = YES;
				COPY_PHASE_STRIP = NO;
				DEBUG_INFORMATION_FORMAT = "dwarf-with-dsym";
				ENABLE_NS_ASSERTIONS = NO;
				ENABLE_STRICT_OBJC_MSGSEND = YES;
				GCC_C_LANGUAGE_STANDARD = gnu11;
				GCC_NO_COMMON_BLOCKS = YES;
				GCC_WARN_64_TO_32_BIT_CONVERSION = YES;
				GCC_WARN_ABOUT_RETURN_TYPE = YES_ERROR;
				GCC_WARN_UNDECLARED_SELECTOR = YES;
				GCC_WARN_UNINITIALIZED_AUTOS = YES_AGGRESSIVE;
				GCC_WARN_UNUSED_FUNCTION = YES;
				GCC_WARN_UNUSED_VARIABLE = YES;
				IPHONEOS_DEPLOYMENT_TARGET = 13.1;
				MTL_ENABLE_DEBUG_INFO = NO;
				MTL_FAST_MATH = YES;
				SDKROOT = iphoneos;
				SWIFT_COMPILATION_MODE = wholemodule;
				SWIFT_OPTIMIZATION_LEVEL = "-O";
				VALIDATE_PRODUCT = YES;
			};
			name = Release;
		};
		5F9E5D9D236BDFED00C56846 /* Debug */ = {
			isa = XCBuildConfiguration;
			buildSettings = {
				ASSETCATALOG_COMPILER_APPICON_NAME = AppIcon;
				CODE_SIGN_STYLE = Automatic;
				DEVELOPMENT_TEAM = 9GRH57XF3U;
				INFOPLIST_FILE = "folder-structure-sample/Info.plist";
				LD_RUNPATH_SEARCH_PATHS = (
					"$(inherited)",
					"@executable_path/Frameworks",
				);
				PRODUCT_BUNDLE_IDENTIFIER = "jp.co.opendoor.folder-structure-sample";
				PRODUCT_NAME = "$(TARGET_NAME)";
				SWIFT_VERSION = 5.0;
				TARGETED_DEVICE_FAMILY = "1,2";
			};
			name = Debug;
		};
		5F9E5D9E236BDFED00C56846 /* Release */ = {
			isa = XCBuildConfiguration;
			buildSettings = {
				ASSETCATALOG_COMPILER_APPICON_NAME = AppIcon;
				CODE_SIGN_STYLE = Automatic;
				DEVELOPMENT_TEAM = 9GRH57XF3U;
				INFOPLIST_FILE = "folder-structure-sample/Info.plist";
				LD_RUNPATH_SEARCH_PATHS = (
					"$(inherited)",
					"@executable_path/Frameworks",
				);
				PRODUCT_BUNDLE_IDENTIFIER = "jp.co.opendoor.folder-structure-sample";
				PRODUCT_NAME = "$(TARGET_NAME)";
				SWIFT_VERSION = 5.0;
				TARGETED_DEVICE_FAMILY = "1,2";
			};
			name = Release;
		};
		5F9E5DA0236BDFED00C56846 /* Debug */ = {
			isa = XCBuildConfiguration;
			buildSettings = {
				ALWAYS_EMBED_SWIFT_STANDARD_LIBRARIES = YES;
				BUNDLE_LOADER = "$(TEST_HOST)";
				CODE_SIGN_STYLE = Automatic;
				DEVELOPMENT_TEAM = 9GRH57XF3U;
				INFOPLIST_FILE = "folder-structure-sampleTests/Info.plist";
				IPHONEOS_DEPLOYMENT_TARGET = 13.1;
				LD_RUNPATH_SEARCH_PATHS = (
					"$(inherited)",
					"@executable_path/Frameworks",
					"@loader_path/Frameworks",
				);
				PRODUCT_BUNDLE_IDENTIFIER = "jp.co.opendoor.folder-structure-sampleTests";
				PRODUCT_NAME = "$(TARGET_NAME)";
				SWIFT_VERSION = 5.0;
				TARGETED_DEVICE_FAMILY = "1,2";
				TEST_HOST = "$(BUILT_PRODUCTS_DIR)/folder-structure-sample.app/folder-structure-sample";
			};
			name = Debug;
		};
		5F9E5DA1236BDFED00C56846 /* Release */ = {
			isa = XCBuildConfiguration;
			buildSettings = {
				ALWAYS_EMBED_SWIFT_STANDARD_LIBRARIES = YES;
				BUNDLE_LOADER = "$(TEST_HOST)";
				CODE_SIGN_STYLE = Automatic;
				DEVELOPMENT_TEAM = 9GRH57XF3U;
				INFOPLIST_FILE = "folder-structure-sampleTests/Info.plist";
				IPHONEOS_DEPLOYMENT_TARGET = 13.1;
				LD_RUNPATH_SEARCH_PATHS = (
					"$(inherited)",
					"@executable_path/Frameworks",
					"@loader_path/Frameworks",
				);
				PRODUCT_BUNDLE_IDENTIFIER = "jp.co.opendoor.folder-structure-sampleTests";
				PRODUCT_NAME = "$(TARGET_NAME)";
				SWIFT_VERSION = 5.0;
				TARGETED_DEVICE_FAMILY = "1,2";
				TEST_HOST = "$(BUILT_PRODUCTS_DIR)/folder-structure-sample.app/folder-structure-sample";
			};
			name = Release;
		};
		5F9E5DA3236BDFED00C56846 /* Debug */ = {
			isa = XCBuildConfiguration;
			buildSettings = {
				ALWAYS_EMBED_SWIFT_STANDARD_LIBRARIES = YES;
				CODE_SIGN_STYLE = Automatic;
				DEVELOPMENT_TEAM = 9GRH57XF3U;
				INFOPLIST_FILE = "folder-structure-sampleUITests/Info.plist";
				LD_RUNPATH_SEARCH_PATHS = (
					"$(inherited)",
					"@executable_path/Frameworks",
					"@loader_path/Frameworks",
				);
				PRODUCT_BUNDLE_IDENTIFIER = "jp.co.opendoor.folder-structure-sampleUITests";
				PRODUCT_NAME = "$(TARGET_NAME)";
				SWIFT_VERSION = 5.0;
				TARGETED_DEVICE_FAMILY = "1,2";
				TEST_TARGET_NAME = "folder-structure-sample";
			};
			name = Debug;
		};
		5F9E5DA4236BDFED00C56846 /* Release */ = {
			isa = XCBuildConfiguration;
			buildSettings = {
				ALWAYS_EMBED_SWIFT_STANDARD_LIBRARIES = YES;
				CODE_SIGN_STYLE = Automatic;
				DEVELOPMENT_TEAM = 9GRH57XF3U;
				INFOPLIST_FILE = "folder-structure-sampleUITests/Info.plist";
				LD_RUNPATH_SEARCH_PATHS = (
					"$(inherited)",
					"@executable_path/Frameworks",
					"@loader_path/Frameworks",
				);
				PRODUCT_BUNDLE_IDENTIFIER = "jp.co.opendoor.folder-structure-sampleUITests";
				PRODUCT_NAME = "$(TARGET_NAME)";
				SWIFT_VERSION = 5.0;
				TARGETED_DEVICE_FAMILY = "1,2";
				TEST_TARGET_NAME = "folder-structure-sample";
			};
			name = Release;
		};
/* End XCBuildConfiguration section */

/* Begin XCConfigurationList section */
		5F9E5D6D236BDFEA00C56846 /* Build configuration list for PBXProject "folder-structure-sample" */ = {
			isa = XCConfigurationList;
			buildConfigurations = (
				5F9E5D9A236BDFED00C56846 /* Debug */,
				5F9E5D9B236BDFED00C56846 /* Release */,
			);
			defaultConfigurationIsVisible = 0;
			defaultConfigurationName = Release;
		};
		5F9E5D9C236BDFED00C56846 /* Build configuration list for PBXNativeTarget "folder-structure-sample" */ = {
			isa = XCConfigurationList;
			buildConfigurations = (
				5F9E5D9D236BDFED00C56846 /* Debug */,
				5F9E5D9E236BDFED00C56846 /* Release */,
			);
			defaultConfigurationIsVisible = 0;
			defaultConfigurationName = Release;
		};
		5F9E5D9F236BDFED00C56846 /* Build configuration list for PBXNativeTarget "folder-structure-sampleTests" */ = {
			isa = XCConfigurationList;
			buildConfigurations = (
				5F9E5DA0236BDFED00C56846 /* Debug */,
				5F9E5DA1236BDFED00C56846 /* Release */,
			);
			defaultConfigurationIsVisible = 0;
			defaultConfigurationName = Release;
		};
		5F9E5DA2236BDFED00C56846 /* Build configuration list for PBXNativeTarget "folder-structure-sampleUITests" */ = {
			isa = XCConfigurationList;
			buildConfigurations = (
				5F9E5DA3236BDFED00C56846 /* Debug */,
				5F9E5DA4236BDFED00C56846 /* Release */,
			);
			defaultConfigurationIsVisible = 0;
			defaultConfigurationName = Release;
		};
/* End XCConfigurationList section */
	};
	rootObject = 5F9E5D6A236BDFEA00C56846 /* Project object */;
}
